
Microsoft Visual Studio Solution File, Format Version 12.00
# Visual Studio Version 17
VisualStudioVersion = 17.10.35004.147
MinimumVisualStudioVersion = 10.0.40219.1
Project("{FAE04EC0-301F-11D3-BF4B-00C04F79EFBC}") = "hot-beverage-machine", "hot-beverage-machine\hot-beverage-machine.csproj", "{CE2E6393-C4F0-466F-B2DA-60D651F71CC9}"
EndProject
Global
	GlobalSection(SolutionConfigurationPlatforms) = preSolution
		Debug|Any CPU = Debug|Any CPU
		Release|Any CPU = Release|Any CPU
	EndGlobalSection
	GlobalSection(ProjectConfigurationPlatforms) = postSolution
		{CE2E6393-C4F0-466F-B2DA-60D651F71CC9}.Debug|Any CPU.ActiveCfg = Debug|Any CPU
		{CE2E6393-C4F0-466F-B2DA-60D651F71CC9}.Debug|Any CPU.Build.0 = Debug|Any CPU
		{CE2E6393-C4F0-466F-B2DA-60D651F71CC9}.Release|Any CPU.ActiveCfg = Release|Any CPU
		{CE2E6393-C4F0-466F-B2DA-60D651F71CC9}.Release|Any CPU.Build.0 = Release|Any CPU
	EndGlobalSection
	GlobalSection(SolutionProperties) = preSolution
		HideSolutionNode = FALSE
	EndGlobalSection
	GlobalSection(ExtensibilityGlobals) = postSolution
		SolutionGuid = {53CAAAB7-C880-4B6A-A440-55337194E986}
	EndGlobalSection
EndGlobal
